
Microsoft Visual Studio Solution File, Format Version 12.00
# Visual Studio Version 17
VisualStudioVersion = 17.14.36408.4 d17.14
MinimumVisualStudioVersion = 10.0.40219.1
Project("{FAE04EC0-301F-11D3-BF4B-00C04F79EFBC}") = "clase_practica_7", "clase_practica_7.csproj", "{468640CD-69B5-4AE9-AF28-B567273900CA}"
EndProject
Global
	GlobalSection(SolutionConfigurationPlatforms) = preSolution
		Debug|Any CPU = Debug|Any CPU
		Release|Any CPU = Release|Any CPU
	EndGlobalSection
	GlobalSection(ProjectConfigurationPlatforms) = postSolution
		{468640CD-69B5-4AE9-AF28-B567273900CA}.Debug|Any CPU.ActiveCfg = Debug|Any CPU
		{468640CD-69B5-4AE9-AF28-B567273900CA}.Debug|Any CPU.Build.0 = Debug|Any CPU
		{468640CD-69B5-4AE9-AF28-B567273900CA}.Release|Any CPU.ActiveCfg = Release|Any CPU
		{468640CD-69B5-4AE9-AF28-B567273900CA}.Release|Any CPU.Build.0 = Release|Any CPU
	EndGlobalSection
	GlobalSection(SolutionProperties) = preSolution
		HideSolutionNode = FALSE
	EndGlobalSection
	GlobalSection(ExtensibilityGlobals) = postSolution
		SolutionGuid = {0064B8E5-DE66-4564-92EA-A6B34560611F}
	EndGlobalSection
EndGlobal
