
Microsoft Visual Studio Solution File, Format Version 12.00
# Visual Studio Version 17
VisualStudioVersion = 17.14.36408.4 d17.14
MinimumVisualStudioVersion = 10.0.40219.1
Project("{FAE04EC0-301F-11D3-BF4B-00C04F79EFBC}") = "guiaPractica1", "guiaPractica1.csproj", "{D40BD0B4-6660-4483-8732-B8BED8B7ECEA}"
EndProject
Global
	GlobalSection(SolutionConfigurationPlatforms) = preSolution
		Debug|Any CPU = Debug|Any CPU
		Release|Any CPU = Release|Any CPU
	EndGlobalSection
	GlobalSection(ProjectConfigurationPlatforms) = postSolution
		{D40BD0B4-6660-4483-8732-B8BED8B7ECEA}.Debug|Any CPU.ActiveCfg = Debug|Any CPU
		{D40BD0B4-6660-4483-8732-B8BED8B7ECEA}.Debug|Any CPU.Build.0 = Debug|Any CPU
		{D40BD0B4-6660-4483-8732-B8BED8B7ECEA}.Release|Any CPU.ActiveCfg = Release|Any CPU
		{D40BD0B4-6660-4483-8732-B8BED8B7ECEA}.Release|Any CPU.Build.0 = Release|Any CPU
	EndGlobalSection
	GlobalSection(SolutionProperties) = preSolution
		HideSolutionNode = FALSE
	EndGlobalSection
	GlobalSection(ExtensibilityGlobals) = postSolution
		SolutionGuid = {04AE453A-7D48-4102-9BD4-EBE9ADABC500}
	EndGlobalSection
EndGlobal
